{
  "name": "element-sticker",
  "version": "1.0.0",
  "lockfileVersion": 1,
  "requires": true,
  "dependencies": {
    "atomic-sleep": {
      "version": "1.0.0",
      "resolved": "https://registry.npm.taobao.org/atomic-sleep/download/atomic-sleep-1.0.0.tgz",
      "integrity": "sha1-64W3emAfyTLP5DLFrNNkqeLJB1s="
    },
    "colors": {
      "version": "1.4.0",
      "resolved": "https://registry.npm.taobao.org/colors/download/colors-1.4.0.tgz",
      "integrity": "sha1-xQSRR51MG9rtLJztMs98fcI2D3g="
    },
    "dotenv": {
      "version": "10.0.0",
      "resolved": "https://registry.nlark.com/dotenv/download/dotenv-10.0.0.tgz",
      "integrity": "sha1-PUInuPuV+BCWzdK2ZlP7LHCFuoE=",
      "dev": true
    },
    "fast-redact": {
      "version": "3.0.1",
      "resolved": "https://registry.nlark.com/fast-redact/download/fast-redact-3.0.1.tgz",
      "integrity": "sha1-1gFblx6TPQNSmwEzO6fyLCmWHpI="
    },
    "fast-safe-stringify": {
      "version": "2.0.8",
      "resolved": "https://registry.nlark.com/fast-safe-stringify/download/fast-safe-stringify-2.0.8.tgz",
      "integrity": "sha1-3Cr0jEbPcStoPoSbK71EazLek28="
    },
    "fast-url-parser": {
      "version": "1.1.3",
      "resolved": "https://registry.npm.taobao.org/fast-url-parser/download/fast-url-parser-1.1.3.tgz",
      "integrity": "sha1-9K8+qfNNiicc9YrSs3WfQx8LMY0=",
      "requires": {
        "punycode": "^1.3.2"
      }
    },
    "fastify-warning": {
      "version": "0.2.0",
      "resolved": "https://registry.npm.taobao.org/fastify-warning/download/fastify-warning-0.2.0.tgz",
      "integrity": "sha1-5xd3YCakST3Jor76RNttF/YYAI8="
    },
    "flatstr": {
      "version": "1.0.12",
      "resolved": "https://registry.npm.taobao.org/flatstr/download/flatstr-1.0.12.tgz",
      "integrity": "sha1-wrpqCBc+27bJZA4wVbleKHzrWTE="
    },
    "mime": {
      "version": "1.6.0",
      "resolved": "https://registry.npm.taobao.org/mime/download/mime-1.6.0.tgz?cache=0&sync_timestamp=1615984369368&other_urls=https%3A%2F%2Fregistry.npm.taobao.org%2Fmime%2Fdownload%2Fmime-1.6.0.tgz",
      "integrity": "sha1-Ms2eXGRVO9WNGaVor0Uqz/BJgbE="
    },
    "minimist": {
      "version": "0.0.10",
      "resolved": "https://registry.npm.taobao.org/minimist/download/minimist-0.0.10.tgz?cache=0&other_urls=https%3A%2F%2Fregistry.npm.taobao.org%2Fminimist%2Fdownload%2Fminimist-0.0.10.tgz",
      "integrity": "sha1-3j+YVD2/lggr5IrRoMfNqDYwHc8="
    },
    "node-static": {
      "version": "0.7.11",
      "resolved": "https://registry.npm.taobao.org/node-static/download/node-static-0.7.11.tgz",
      "integrity": "sha1-YBINNJ8871M+ToIGcAV+tjGILn8=",
      "requires": {
        "colors": ">=0.6.0",
        "mime": "^1.2.9",
        "optimist": ">=0.3.4"
      }
    },
    "optimist": {
      "version": "0.6.1",
      "resolved": "http://registry.npm.taobao.org/optimist/download/optimist-0.6.1.tgz",
      "integrity": "sha1-2j6nRob6IaGaERwybpDrFaAZZoY=",
      "requires": {
        "minimist": "~0.0.1",
        "wordwrap": "~0.0.2"
      }
    },
    "pino": {
      "version": "6.13.1",
      "resolved": "https://registry.nlark.com/pino/download/pino-6.13.1.tgz",
      "integrity": "sha1-OkhNSDHvGF+Fk/6aze7s5H2Fsy4=",
      "requires": {
        "fast-redact": "^3.0.0",
        "fast-safe-stringify": "^2.0.8",
        "fastify-warning": "^0.2.0",
        "flatstr": "^1.0.12",
        "pino-std-serializers": "^3.1.0",
        "quick-format-unescaped": "^4.0.3",
        "sonic-boom": "^1.0.2"
      },
      "dependencies": {
        "pino-std-serializers": {
          "version": "3.2.0",
          "resolved": "https://registry.nlark.com/pino-std-serializers/download/pino-std-serializers-3.2.0.tgz",
          "integrity": "sha1-tWSHxALYguuWzWfCV4aAFrYa1nE="
        }
      }
    },
    "pino-http": {
      "version": "5.7.0",
      "resolved": "https://registry.nlark.com/pino-http/download/pino-http-5.7.0.tgz",
      "integrity": "sha1-XTDo5nyL33EF6JbulCAbgE+O/L0=",
      "requires": {
        "fast-url-parser": "^1.1.3",
        "pino": "^6.13.0",
        "pino-std-serializers": "^4.0.0"
      }
    },
    "pino-std-serializers": {
      "version": "4.0.0",
      "resolved": "https://registry.nlark.com/pino-std-serializers/download/pino-std-serializers-4.0.0.tgz",
      "integrity": "sha1-F5HM0lOcCRrknOmZMgXizV27oeI="
    },
    "postgres": {
      "version": "1.0.2",
      "resolved": "https://registry.nlark.com/postgres/download/postgres-1.0.2.tgz",
      "integrity": "sha1-e59naZNPcnzsDx1+9Y1JFaMn9d0=",
      "dev": true
    },
    "preact": {
      "version": "10.5.14",
      "resolved": "https://registry.npmjs.org/preact/-/preact-10.5.14.tgz",
      "integrity": "sha512-KojoltCrshZ099ksUZ2OQKfbH66uquFoxHSbnwKbTJHeQNvx42EmC7wQVWNuDt6vC5s3nudRHFtKbpY4ijKlaQ=="
    },
    "punycode": {
      "version": "1.4.1",
      "resolved": "http://registry.npm.taobao.org/punycode/download/punycode-1.4.1.tgz",
      "integrity": "sha1-wNWmOycYgArY4esPpSachN1BhF4="
    },
    "quick-format-unescaped": {
      "version": "4.0.3",
      "resolved": "https://registry.npm.taobao.org/quick-format-unescaped/download/quick-format-unescaped-4.0.3.tgz",
      "integrity": "sha1-bWtmuCB6orNe7xK+FCG7JMQo9lI="
    },
    "sonic-boom": {
      "version": "1.4.1",
      "resolved": "https://registry.nlark.com/sonic-boom/download/sonic-boom-1.4.1.tgz",
      "integrity": "sha1-011qdAdmJPEub5F63nuddekY9T4=",
      "requires": {
        "atomic-sleep": "^1.0.0",
        "flatstr": "^1.0.12"
      }
    },
    "wmr": {
      "version": "3.5.1",
      "resolved": "https://registry.npmjs.org/wmr/-/wmr-3.5.1.tgz",
      "integrity": "sha512-JeN2Uwxuqtxnyf6z6tUvk/UMDz6g0OtrgiprOqJkasGoMk6jIuiHydER38ltoH7cWrxjWKXfVBM4h79zuiJyOQ==",
      "dev": true
    },
    "wordwrap": {
      "version": "0.0.3",
      "resolved": "http://registry.npm.taobao.org/wordwrap/download/wordwrap-0.0.3.tgz",
      "integrity": "sha1-o9XabNXAvAAI03I0u68b7WMFkQc="
    }
  }
}
